
Microsoft Visual Studio Solution File, Format Version 12.00
# Visual Studio Version 17
VisualStudioVersion = 17.14.36202.13
MinimumVisualStudioVersion = 10.0.40219.1
Project("{FAE04EC0-301F-11D3-BF4B-00C04F79EFBC}") = "BlazorTarefas", "BlazorTarefas\BlazorTarefas\BlazorTarefas.csproj", "{9527D296-1107-4EE1-80DD-942DA77F6F18}"
EndProject
Project("{FAE04EC0-301F-11D3-BF4B-00C04F79EFBC}") = "BlazorTarefas.Client", "BlazorTarefas\BlazorTarefas.Client\BlazorTarefas.Client.csproj", "{48264896-A9E5-461A-816C-251160902DAE}"
EndProject
Project("{FAE04EC0-301F-11D3-BF4B-00C04F79EFBC}") = "BlazorTarefas.Shared", "BlazorTarefas.Shared\BlazorTarefas.Shared.csproj", "{BF3D6B33-46F5-46E7-8B31-F239A6C79E1D}"
EndProject
Global
	GlobalSection(SolutionConfigurationPlatforms) = preSolution
		Debug|Any CPU = Debug|Any CPU
		Release|Any CPU = Release|Any CPU
	EndGlobalSection
	GlobalSection(ProjectConfigurationPlatforms) = postSolution
		{9527D296-1107-4EE1-80DD-942DA77F6F18}.Debug|Any CPU.ActiveCfg = Debug|Any CPU
		{9527D296-1107-4EE1-80DD-942DA77F6F18}.Debug|Any CPU.Build.0 = Debug|Any CPU
		{9527D296-1107-4EE1-80DD-942DA77F6F18}.Release|Any CPU.ActiveCfg = Release|Any CPU
		{9527D296-1107-4EE1-80DD-942DA77F6F18}.Release|Any CPU.Build.0 = Release|Any CPU
		{48264896-A9E5-461A-816C-251160902DAE}.Debug|Any CPU.ActiveCfg = Debug|Any CPU
		{48264896-A9E5-461A-816C-251160902DAE}.Debug|Any CPU.Build.0 = Debug|Any CPU
		{48264896-A9E5-461A-816C-251160902DAE}.Release|Any CPU.ActiveCfg = Release|Any CPU
		{48264896-A9E5-461A-816C-251160902DAE}.Release|Any CPU.Build.0 = Release|Any CPU
		{BF3D6B33-46F5-46E7-8B31-F239A6C79E1D}.Debug|Any CPU.ActiveCfg = Debug|Any CPU
		{BF3D6B33-46F5-46E7-8B31-F239A6C79E1D}.Debug|Any CPU.Build.0 = Debug|Any CPU
		{BF3D6B33-46F5-46E7-8B31-F239A6C79E1D}.Release|Any CPU.ActiveCfg = Release|Any CPU
		{BF3D6B33-46F5-46E7-8B31-F239A6C79E1D}.Release|Any CPU.Build.0 = Release|Any CPU
	EndGlobalSection
	GlobalSection(SolutionProperties) = preSolution
		HideSolutionNode = FALSE
	EndGlobalSection
	GlobalSection(ExtensibilityGlobals) = postSolution
		SolutionGuid = {FF7D5881-5A41-4D92-8866-4AA1C3F42D92}
	EndGlobalSection
EndGlobal
