
Microsoft Visual Studio Solution File, Format Version 12.00
# Visual Studio Version 17
VisualStudioVersion = 17.14.36202.13
MinimumVisualStudioVersion = 10.0.40219.1
Project("{FAE04EC0-301F-11D3-BF4B-00C04F79EFBC}") = "BlazorAutoDemo", "BlazorAutoDemo\BlazorAutoDemo\BlazorAutoDemo.csproj", "{7DBCE24C-92B3-4DF4-83A7-22EF027BCEE8}"
EndProject
Project("{FAE04EC0-301F-11D3-BF4B-00C04F79EFBC}") = "BlazorAutoDemo.Client", "BlazorAutoDemo\BlazorAutoDemo.Client\BlazorAutoDemo.Client.csproj", "{0032D943-01B2-414F-92CB-AB0478BE358B}"
EndProject
Global
	GlobalSection(SolutionConfigurationPlatforms) = preSolution
		Debug|Any CPU = Debug|Any CPU
		Release|Any CPU = Release|Any CPU
	EndGlobalSection
	GlobalSection(ProjectConfigurationPlatforms) = postSolution
		{7DBCE24C-92B3-4DF4-83A7-22EF027BCEE8}.Debug|Any CPU.ActiveCfg = Debug|Any CPU
		{7DBCE24C-92B3-4DF4-83A7-22EF027BCEE8}.Debug|Any CPU.Build.0 = Debug|Any CPU
		{7DBCE24C-92B3-4DF4-83A7-22EF027BCEE8}.Release|Any CPU.ActiveCfg = Release|Any CPU
		{7DBCE24C-92B3-4DF4-83A7-22EF027BCEE8}.Release|Any CPU.Build.0 = Release|Any CPU
		{0032D943-01B2-414F-92CB-AB0478BE358B}.Debug|Any CPU.ActiveCfg = Debug|Any CPU
		{0032D943-01B2-414F-92CB-AB0478BE358B}.Debug|Any CPU.Build.0 = Debug|Any CPU
		{0032D943-01B2-414F-92CB-AB0478BE358B}.Release|Any CPU.ActiveCfg = Release|Any CPU
		{0032D943-01B2-414F-92CB-AB0478BE358B}.Release|Any CPU.Build.0 = Release|Any CPU
	EndGlobalSection
	GlobalSection(SolutionProperties) = preSolution
		HideSolutionNode = FALSE
	EndGlobalSection
	GlobalSection(ExtensibilityGlobals) = postSolution
		SolutionGuid = {C86B7E4A-D3C1-4924-8E42-B714C667E58E}
	EndGlobalSection
EndGlobal
